
Microsoft Visual Studio Solution File, Format Version 12.00
# Visual Studio 2012
Project("{FAE04EC0-301F-11D3-BF4B-00C04F79EFBC}") = "VectorIcons", "VectorIcons\VectorIcons.csproj", "{53ADB90C-426D-44C0-ADF5-61084608BBA8}"
EndProject
Project("{FAE04EC0-301F-11D3-BF4B-00C04F79EFBC}") = "VectorTests", "VectorTests\VectorTests.csproj", "{51C56CAC-4AED-42E0-9E4C-93DAABC9A4EE}"
EndProject
Project("{FAE04EC0-301F-11D3-BF4B-00C04F79EFBC}") = "DigitTrimmer", "DigitTrimmer\DigitTrimmer.csproj", "{8B6B7DAF-4415-4ACE-86CA-66B4B1ACCFB0}"
EndProject
Global
	GlobalSection(SolutionConfigurationPlatforms) = preSolution
		Debug|Any CPU = Debug|Any CPU
		Release|Any CPU = Release|Any CPU
	EndGlobalSection
	GlobalSection(ProjectConfigurationPlatforms) = postSolution
		{53ADB90C-426D-44C0-ADF5-61084608BBA8}.Debug|Any CPU.ActiveCfg = Debug|Any CPU
		{53ADB90C-426D-44C0-ADF5-61084608BBA8}.Debug|Any CPU.Build.0 = Debug|Any CPU
		{53ADB90C-426D-44C0-ADF5-61084608BBA8}.Release|Any CPU.ActiveCfg = Release|Any CPU
		{53ADB90C-426D-44C0-ADF5-61084608BBA8}.Release|Any CPU.Build.0 = Release|Any CPU
		{51C56CAC-4AED-42E0-9E4C-93DAABC9A4EE}.Debug|Any CPU.ActiveCfg = Debug|Any CPU
		{51C56CAC-4AED-42E0-9E4C-93DAABC9A4EE}.Debug|Any CPU.Build.0 = Debug|Any CPU
		{51C56CAC-4AED-42E0-9E4C-93DAABC9A4EE}.Release|Any CPU.ActiveCfg = Release|Any CPU
		{51C56CAC-4AED-42E0-9E4C-93DAABC9A4EE}.Release|Any CPU.Build.0 = Release|Any CPU
		{8B6B7DAF-4415-4ACE-86CA-66B4B1ACCFB0}.Debug|Any CPU.ActiveCfg = Debug|Any CPU
		{8B6B7DAF-4415-4ACE-86CA-66B4B1ACCFB0}.Debug|Any CPU.Build.0 = Debug|Any CPU
		{8B6B7DAF-4415-4ACE-86CA-66B4B1ACCFB0}.Release|Any CPU.ActiveCfg = Release|Any CPU
		{8B6B7DAF-4415-4ACE-86CA-66B4B1ACCFB0}.Release|Any CPU.Build.0 = Release|Any CPU
	EndGlobalSection
	GlobalSection(SolutionProperties) = preSolution
		HideSolutionNode = FALSE
	EndGlobalSection
EndGlobal
